// !$*UTF8*$!
{
	archiveVersion = 1;
	classes = {
	};
	objectVersion = 46;
	objects = {

/* Begin PBXBuildFile section */
		F7DCE9AC1C14EC05000CA2DB /* AppDelegate.swift in Sources */ = {isa = PBXBuildFile; fileRef = F7DCE9AB1C14EC05000CA2DB /* AppDelegate.swift */; };
		F7DCE9AE1C14EC05000CA2DB /* ViewController.swift in Sources */ = {isa = PBXBuildFile; fileRef = F7DCE9AD1C14EC05000CA2DB /* ViewController.swift */; };
		F7DCE9B11C14EC05000CA2DB /* Main.storyboard in Resources */ = {isa = PBXBuildFile; fileRef = F7DCE9AF1C14EC05000CA2DB /* Main.storyboard */; };
		F7DCE9B31C14EC05000CA2DB /* Assets.xcassets in Resources */ = {isa = PBXBuildFile; fileRef = F7DCE9B21C14EC05000CA2DB /* Assets.xcassets */; };
		F7DCE9C11C14EC05000CA2DB /* tipsTests.swift in Sources */ = {isa = PBXBuildFile; fileRef = F7DCE9C01C14EC05000CA2DB /* tipsTests.swift */; };
		F7DCE9CC1C14EC05000CA2DB /* tipsUITests.swift in Sources */ = {isa = PBXBuildFile; fileRef = F7DCE9CB1C14EC05000CA2DB /* tipsUITests.swift */; };
		F7DCE9DA1C14FA64000CA2DB /* SettingsViewController.swift in Sources */ = {isa = PBXBuildFile; fileRef = F7DCE9D91C14FA64000CA2DB /* SettingsViewController.swift */; };
/* End PBXBuildFile section */

/* Begin PBXContainerItemProxy section */
		F7DCE9BD1C14EC05000CA2DB /* PBXContainerItemProxy */ = {
			isa = PBXContainerItemProxy;
			containerPortal = F7DCE9A01C14EC05000CA2DB /* Project object */;
			proxyType = 1;
			remoteGlobalIDString = F7DCE9A71C14EC05000CA2DB;
			remoteInfo = tips;
		};
		F7DCE9C81C14EC05000CA2DB /* PBXContainerItemProxy */ = {
			isa = PBXContainerItemProxy;
			containerPortal = F7DCE9A01C14EC05000CA2DB /* Project object */;
			proxyType = 1;
			remoteGlobalIDString = F7DCE9A71C14EC05000CA2DB;
			remoteInfo = tips;
		};
/* End PBXContainerItemProxy section */

/* Begin PBXFileReference section */
		F7DCE9A81C14EC05000CA2DB /* tips.app */ = {isa = PBXFileReference; explicitFileType = wrapper.application; includeInIndex = 0; path = tips.app; sourceTree = BUILT_PRODUCTS_DIR; };
		F7DCE9AB1C14EC05000CA2DB /* AppDelegate.swift */ = {isa = PBXFileReference; lastKnownFileType = sourcecode.swift; path = AppDelegate.swift; sourceTree = "<group>"; };
		F7DCE9AD1C14EC05000CA2DB /* ViewController.swift */ = {isa = PBXFileReference; lastKnownFileType = sourcecode.swift; path = ViewController.swift; sourceTree = "<group>"; };
		F7DCE9B01C14EC05000CA2DB /* Base */ = {isa = PBXFileReference; lastKnownFileType = file.storyboard; name = Base; path = Base.lproj/Main.storyboard; sourceTree = "<group>"; };
		F7DCE9B21C14EC05000CA2DB /* Assets.xcassets */ = {isa = PBXFileReference; lastKnownFileType = folder.assetcatalog; path = Assets.xcassets; sourceTree = "<group>"; };
		F7DCE9B71C14EC05000CA2DB /* Info.plist */ = {isa = PBXFileReference; lastKnownFileType = text.plist.xml; path = Info.plist; sourceTree = "<group>"; };
		F7DCE9BC1C14EC05000CA2DB /* tipsTests.xctest */ = {isa = PBXFileReference; explicitFileType = wrapper.cfbundle; includeInIndex = 0; path = tipsTests.xctest; sourceTree = BUILT_PRODUCTS_DIR; };
		F7DCE9C01C14EC05000CA2DB /* tipsTests.swift */ = {isa = PBXFileReference; lastKnownFileType = sourcecode.swift; path = tipsTests.swift; sourceTree = "<group>"; };
		F7DCE9C21C14EC05000CA2DB /* Info.plist */ = {isa = PBXFileReference; lastKnownFileType = text.plist.xml; path = Info.plist; sourceTree = "<group>"; };
		F7DCE9C71C14EC05000CA2DB /* tipsUITests.xctest */ = {isa = PBXFileReference; explicitFileType = wrapper.cfbundle; includeInIndex = 0; path = tipsUITests.xctest; sourceTree = BUILT_PRODUCTS_DIR; };
		F7DCE9CB1C14EC05000CA2DB /* tipsUITests.swift */ = {isa = PBXFileReference; lastKnownFileType = sourcecode.swift; path = tipsUITests.swift; sourceTree = "<group>"; };
		F7DCE9CD1C14EC05000CA2DB /* Info.plist */ = {isa = PBXFileReference; lastKnownFileType = text.plist.xml; path = Info.plist; sourceTree = "<group>"; };
		F7DCE9D91C14FA64000CA2DB /* SettingsViewController.swift */ = {isa = PBXFileReference; fileEncoding = 4; lastKnownFileType = sourcecode.swift; path = SettingsViewController.swift; sourceTree = "<group>"; };
/* End PBXFileReference section */

/* Begin PBXFrameworksBuildPhase section */
		F7DCE9A51C14EC05000CA2DB /* Frameworks */ = {
			isa = PBXFrameworksBuildPhase;
			buildActionMask = 2147483647;
			files = (
			);
			runOnlyForDeploymentPostprocessing = 0;
		};
		F7DCE9B91C14EC05000CA2DB /* Frameworks */ = {
			isa = PBXFrameworksBuildPhase;
			buildActionMask = 2147483647;
			files = (
			);
			runOnlyForDeploymentPostprocessing = 0;
		};
		F7DCE9C41C14EC05000CA2DB /* Frameworks */ = {
			isa = PBXFrameworksBuildPhase;
			buildActionMask = 2147483647;
			files = (
			);
			runOnlyForDeploymentPostprocessing = 0;
		};
/* End PBXFrameworksBuildPhase section */

/* Begin PBXGroup section */
		F7DCE99F1C14EC05000CA2DB = {
			isa = PBXGroup;
			children = (
				F7DCE9AA1C14EC05000CA2DB /* tips */,
				F7DCE9BF1C14EC05000CA2DB /* tipsTests */,
				F7DCE9CA1C14EC05000CA2DB /* tipsUITests */,
				F7DCE9A91C14EC05000CA2DB /* Products */,
			);
			sourceTree = "<group>";
		};
		F7DCE9A91C14EC05000CA2DB /* Products */ = {
			isa = PBXGroup;
			children = (
				F7DCE9A81C14EC05000CA2DB /* tips.app */,
				F7DCE9BC1C14EC05000CA2DB /* tipsTests.xctest */,
				F7DCE9C71C14EC05000CA2DB /* tipsUITests.xctest */,
			);
			name = Products;
			sourceTree = "<group>";
		};
		F7DCE9AA1C14EC05000CA2DB /* tips */ = {
			isa = PBXGroup;
			children = (
				F7DCE9AB1C14EC05000CA2DB /* AppDelegate.swift */,
				F7DCE9AD1C14EC05000CA2DB /* ViewController.swift */,
				F7DCE9AF1C14EC05000CA2DB /* Main.storyboard */,
				F7DCE9D91C14FA64000CA2DB /* SettingsViewController.swift */,
				F7DCE9B21C14EC05000CA2DB /* Assets.xcassets */,
				F7DCE9B71C14EC05000CA2DB /* Info.plist */,
			);
			path = tips;
			sourceTree = "<group>";
		};
		F7DCE9BF1C14EC05000CA2DB /* tipsTests */ = {
			isa = PBXGroup;
			children = (
				F7DCE9C01C14EC05000CA2DB /* tipsTests.swift */,
				F7DCE9C21C14EC05000CA2DB /* Info.plist */,
			);
			path = tipsTests;
			sourceTree = "<group>";
		};
		F7DCE9CA1C14EC05000CA2DB /* tipsUITests */ = {
			isa = PBXGroup;
			children = (
				F7DCE9CB1C14EC05000CA2DB /* tipsUITests.swift */,
				F7DCE9CD1C14EC05000CA2DB /* Info.plist */,
			);
			path = tipsUITests;
			sourceTree = "<group>";
		};
/* End PBXGroup section */

/* Begin PBXNativeTarget section */
		F7DCE9A71C14EC05000CA2DB /* tips */ = {
			isa = PBXNativeTarget;
			buildConfigurationList = F7DCE9D01C14EC05000CA2DB /* Build configuration list for PBXNativeTarget "tips" */;
			buildPhases = (
				F7DCE9A41C14EC05000CA2DB /* Sources */,
				F7DCE9A51C14EC05000CA2DB /* Frameworks */,
				F7DCE9A61C14EC05000CA2DB /* Resources */,
			);
			buildRules = (
			);
			dependencies = (
			);
			name = tips;
			productName = tips;
			productReference = F7DCE9A81C14EC05000CA2DB /* tips.app */;
			productType = "com.apple.product-type.application";
		};
		F7DCE9BB1C14EC05000CA2DB /* tipsTests */ = {
			isa = PBXNativeTarget;
			buildConfigurationList = F7DCE9D31C14EC05000CA2DB /* Build configuration list for PBXNativeTarget "tipsTests" */;
			buildPhases = (
				F7DCE9B81C14EC05000CA2DB /* Sources */,
				F7DCE9B91C14EC05000CA2DB /* Frameworks */,
				F7DCE9BA1C14EC05000CA2DB /* Resources */,
			);
			buildRules = (
			);
			dependencies = (
				F7DCE9BE1C14EC05000CA2DB /* PBXTargetDependency */,
			);
			name = tipsTests;
			productName = tipsTests;
			productReference = F7DCE9BC1C14EC05000CA2DB /* tipsTests.xctest */;
			productType = "com.apple.product-type.bundle.unit-test";
		};
		F7DCE9C61C14EC05000CA2DB /* tipsUITests */ = {
			isa = PBXNativeTarget;
			buildConfigurationList = F7DCE9D61C14EC05000CA2DB /* Build configuration list for PBXNativeTarget "tipsUITests" */;
			buildPhases = (
				F7DCE9C31C14EC05000CA2DB /* Sources */,
				F7DCE9C41C14EC05000CA2DB /* Frameworks */,
				F7DCE9C51C14EC05000CA2DB /* Resources */,
			);
			buildRules = (
			);
			dependencies = (
				F7DCE9C91C14EC05000CA2DB /* PBXTargetDependency */,
			);
			name = tipsUITests;
			productName = tipsUITests;
			productReference = F7DCE9C71C14EC05000CA2DB /* tipsUITests.xctest */;
			productType = "com.apple.product-type.bundle.ui-testing";
		};
/* End PBXNativeTarget section */

/* Begin PBXProject section */
		F7DCE9A01C14EC05000CA2DB /* Project object */ = {
			isa = PBXProject;
			attributes = {
				LastSwiftUpdateCheck = 0710;
				LastUpgradeCheck = 0710;
				ORGANIZATIONNAME = ZengJintao;
				TargetAttributes = {
					F7DCE9A71C14EC05000CA2DB = {
						CreatedOnToolsVersion = 7.1;
					};
					F7DCE9BB1C14EC05000CA2DB = {
						CreatedOnToolsVersion = 7.1;
						TestTargetID = F7DCE9A71C14EC05000CA2DB;
					};
					F7DCE9C61C14EC05000CA2DB = {
						CreatedOnToolsVersion = 7.1;
						TestTargetID = F7DCE9A71C14EC05000CA2DB;
					};
				};
			};
			buildConfigurationList = F7DCE9A31C14EC05000CA2DB /* Build configuration list for PBXProject "tips" */;
			compatibilityVersion = "Xcode 3.2";
			developmentRegion = English;
			hasScannedForEncodings = 0;
			knownRegions = (
				en,
				Base,
			);
			mainGroup = F7DCE99F1C14EC05000CA2DB;
			productRefGroup = F7DCE9A91C14EC05000CA2DB /* Products */;
			projectDirPath = "";
			projectRoot = "";
			targets = (
				F7DCE9A71C14EC05000CA2DB /* tips */,
				F7DCE9BB1C14EC05000CA2DB /* tipsTests */,
				F7DCE9C61C14EC05000CA2DB /* tipsUITests */,
			);
		};
/* End PBXProject section */

/* Begin PBXResourcesBuildPhase section */
		F7DCE9A61C14EC05000CA2DB /* Resources */ = {
			isa = PBXResourcesBuildPhase;
			buildActionMask = 2147483647;
			files = (
				F7DCE9B31C14EC05000CA2DB /* Assets.xcassets in Resources */,
				F7DCE9B11C14EC05000CA2DB /* Main.storyboard in Resources */,
			);
			runOnlyForDeploymentPostprocessing = 0;
		};
		F7DCE9BA1C14EC05000CA2DB /* Resources */ = {
			isa = PBXResourcesBuildPhase;
			buildActionMask = 2147483647;
			files = (
			);
			runOnlyForDeploymentPostprocessing = 0;
		};
		F7DCE9C51C14EC05000CA2DB /* Resources */ = {
			isa = PBXResourcesBuildPhase;
			buildActionMask = 2147483647;
			files = (
			);
			runOnlyForDeploymentPostprocessing = 0;
		};
/* End PBXResourcesBuildPhase section */

/* Begin PBXSourcesBuildPhase section */
		F7DCE9A41C14EC05000CA2DB /* Sources */ = {
			isa = PBXSourcesBuildPhase;
			buildActionMask = 2147483647;
			files = (
				F7DCE9AE1C14EC05000CA2DB /* ViewController.swift in Sources */,
				F7DCE9AC1C14EC05000CA2DB /* AppDelegate.swift in Sources */,
				F7DCE9DA1C14FA64000CA2DB /* SettingsViewController.swift in Sources */,
			);
			runOnlyForDeploymentPostprocessing = 0;
		};
		F7DCE9B81C14EC05000CA2DB /* Sources */ = {
			isa = PBXSourcesBuildPhase;
			buildActionMask = 2147483647;
			files = (
				F7DCE9C11C14EC05000CA2DB /* tipsTests.swift in Sources */,
			);
			runOnlyForDeploymentPostprocessing = 0;
		};
		F7DCE9C31C14EC05000CA2DB /* Sources */ = {
			isa = PBXSourcesBuildPhase;
			buildActionMask = 2147483647;
			files = (
				F7DCE9CC1C14EC05000CA2DB /* tipsUITests.swift in Sources */,
			);
			runOnlyForDeploymentPostprocessing = 0;
		};
/* End PBXSourcesBuildPhase section */

/* Begin PBXTargetDependency section */
		F7DCE9BE1C14EC05000CA2DB /* PBXTargetDependency */ = {
			isa = PBXTargetDependency;
			target = F7DCE9A71C14EC05000CA2DB /* tips */;
			targetProxy = F7DCE9BD1C14EC05000CA2DB /* PBXContainerItemProxy */;
		};
		F7DCE9C91C14EC05000CA2DB /* PBXTargetDependency */ = {
			isa = PBXTargetDependency;
			target = F7DCE9A71C14EC05000CA2DB /* tips */;
			targetProxy = F7DCE9C81C14EC05000CA2DB /* PBXContainerItemProxy */;
		};
/* End PBXTargetDependency section */

/* Begin PBXVariantGroup section */
		F7DCE9AF1C14EC05000CA2DB /* Main.storyboard */ = {
			isa = PBXVariantGroup;
			children = (
				F7DCE9B01C14EC05000CA2DB /* Base */,
			);
			name = Main.storyboard;
			sourceTree = "<group>";
		};
/* End PBXVariantGroup section */

/* Begin XCBuildConfiguration section */
		F7DCE9CE1C14EC05000CA2DB /* Debug */ = {
			isa = XCBuildConfiguration;
			buildSettings = {
				ALWAYS_SEARCH_USER_PATHS = NO;
				CLANG_CXX_LANGUAGE_STANDARD = "gnu++0x";
				CLANG_CXX_LIBRARY = "libc++";
				CLANG_ENABLE_MODULES = YES;
				CLANG_ENABLE_OBJC_ARC = YES;
				CLANG_WARN_BOOL_CONVERSION = YES;
				CLANG_WARN_CONSTANT_CONVERSION = YES;
				CLANG_WARN_DIRECT_OBJC_ISA_USAGE = YES_ERROR;
				CLANG_WARN_EMPTY_BODY = YES;
				CLANG_WARN_ENUM_CONVERSION = YES;
				CLANG_WARN_INT_CONVERSION = YES;
				CLANG_WARN_OBJC_ROOT_CLASS = YES_ERROR;
				CLANG_WARN_UNREACHABLE_CODE = YES;
				CLANG_WARN__DUPLICATE_METHOD_MATCH = YES;
				"CODE_SIGN_IDENTITY[sdk=iphoneos*]" = "iPhone Developer";
				COPY_PHASE_STRIP = NO;
				DEBUG_INFORMATION_FORMAT = dwarf;
				ENABLE_STRICT_OBJC_MSGSEND = YES;
				ENABLE_TESTABILITY = YES;
				GCC_C_LANGUAGE_STANDARD = gnu99;
				GCC_DYNAMIC_NO_PIC = NO;
				GCC_NO_COMMON_BLOCKS = YES;
				GCC_OPTIMIZATION_LEVEL = 0;
				GCC_PREPROCESSOR_DEFINITIONS = (
					"DEBUG=1",
					"$(inherited)",
				);
				GCC_WARN_64_TO_32_BIT_CONVERSION = YES;
				GCC_WARN_ABOUT_RETURN_TYPE = YES_ERROR;
				GCC_WARN_UNDECLARED_SELECTOR = YES;
				GCC_WARN_UNINITIALIZED_AUTOS = YES_AGGRESSIVE;
				GCC_WARN_UNUSED_FUNCTION = YES;
				GCC_WARN_UNUSED_VARIABLE = YES;
				IPHONEOS_DEPLOYMENT_TARGET = 9.1;
				MTL_ENABLE_DEBUG_INFO = YES;
				ONLY_ACTIVE_ARCH = YES;
				SDKROOT = iphoneos;
				SWIFT_OPTIMIZATION_LEVEL = "-Onone";
			};
			name = Debug;
		};
		F7DCE9CF1C14EC05000CA2DB /* Release */ = {
			isa = XCBuildConfiguration;
			buildSettings = {
				ALWAYS_SEARCH_USER_PATHS = NO;
				CLANG_CXX_LANGUAGE_STANDARD = "gnu++0x";
				CLANG_CXX_LIBRARY = "libc++";
				CLANG_ENABLE_MODULES = YES;
				CLANG_ENABLE_OBJC_ARC = YES;
				CLANG_WARN_BOOL_CONVERSION = YES;
				CLANG_WARN_CONSTANT_CONVERSION = YES;
				CLANG_WARN_DIRECT_OBJC_ISA_USAGE = YES_ERROR;
				CLANG_WARN_EMPTY_BODY = YES;
				CLANG_WARN_ENUM_CONVERSION = YES;
				CLANG_WARN_INT_CONVERSION = YES;
				CLANG_WARN_OBJC_ROOT_CLASS = YES_ERROR;
				CLANG_WARN_UNREACHABLE_CODE = YES;
				CLANG_WARN__DUPLICATE_METHOD_MATCH = YES;
				"CODE_SIGN_IDENTITY[sdk=iphoneos*]" = "iPhone Developer";
				COPY_PHASE_STRIP = NO;
				DEBUG_INFORMATION_FORMAT = "dwarf-with-dsym";
				ENABLE_NS_ASSERTIONS = NO;
				ENABLE_STRICT_OBJC_MSGSEND = YES;
				GCC_C_LANGUAGE_STANDARD = gnu99;
				GCC_NO_COMMON_BLOCKS = YES;
				GCC_WARN_64_TO_32_BIT_CONVERSION = YES;
				GCC_WARN_ABOUT_RETURN_TYPE = YES_ERROR;
				GCC_WARN_UNDECLARED_SELECTOR = YES;
				GCC_WARN_UNINITIALIZED_AUTOS = YES_AGGRESSIVE;
				GCC_WARN_UNUSED_FUNCTION = YES;
				GCC_WARN_UNUSED_VARIABLE = YES;
				IPHONEOS_DEPLOYMENT_TARGET = 9.1;
				MTL_ENABLE_DEBUG_INFO = NO;
				SDKROOT = iphoneos;
				VALIDATE_PRODUCT = YES;
			};
			name = Release;
		};
		F7DCE9D11C14EC05000CA2DB /* Debug */ = {
			isa = XCBuildConfiguration;
			buildSettings = {
				ASSETCATALOG_COMPILER_APPICON_NAME = AppIcon;
				INFOPLIST_FILE = tips/Info.plist;
				IPHONEOS_DEPLOYMENT_TARGET = 7.0;
				LD_RUNPATH_SEARCH_PATHS = "$(inherited) @executable_path/Frameworks";
				PRODUCT_BUNDLE_IDENTIFIER = PurdueIdeaFamily.tips;
				PRODUCT_NAME = "$(TARGET_NAME)";
			};
			name = Debug;
		};
		F7DCE9D21C14EC05000CA2DB /* Release */ = {
			isa = XCBuildConfiguration;
			buildSettings = {
				ASSETCATALOG_COMPILER_APPICON_NAME = AppIcon;
				INFOPLIST_FILE = tips/Info.plist;
				IPHONEOS_DEPLOYMENT_TARGET = 7.0;
				LD_RUNPATH_SEARCH_PATHS = "$(inherited) @executable_path/Frameworks";
				PRODUCT_BUNDLE_IDENTIFIER = PurdueIdeaFamily.tips;
				PRODUCT_NAME = "$(TARGET_NAME)";
			};
			name = Release;
		};
		F7DCE9D41C14EC05000CA2DB /* Debug */ = {
			isa = XCBuildConfiguration;
			buildSettings = {
				BUNDLE_LOADER = "$(TEST_HOST)";
				INFOPLIST_FILE = tipsTests/Info.plist;
				LD_RUNPATH_SEARCH_PATHS = "$(inherited) @executable_path/Frameworks @loader_path/Frameworks";
				PRODUCT_BUNDLE_IDENTIFIER = PurdueIdeaFamily.tipsTests;
				PRODUCT_NAME = "$(TARGET_NAME)";
				TEST_HOST = "$(BUILT_PRODUCTS_DIR)/tips.app/tips";
			};
			name = Debug;
		};
		F7DCE9D51C14EC05000CA2DB /* Release */ = {
			isa = XCBuildConfiguration;
			buildSettings = {
				BUNDLE_LOADER = "$(TEST_HOST)";
				INFOPLIST_FILE = tipsTests/Info.plist;
				LD_RUNPATH_SEARCH_PATHS = "$(inherited) @executable_path/Frameworks @loader_path/Frameworks";
				PRODUCT_BUNDLE_IDENTIFIER = PurdueIdeaFamily.tipsTests;
				PRODUCT_NAME = "$(TARGET_NAME)";
				TEST_HOST = "$(BUILT_PRODUCTS_DIR)/tips.app/tips";
			};
			name = Release;
		};
		F7DCE9D71C14EC05000CA2DB /* Debug */ = {
			isa = XCBuildConfiguration;
			buildSettings = {
				INFOPLIST_FILE = tipsUITests/Info.plist;
				LD_RUNPATH_SEARCH_PATHS = "$(inherited) @executable_path/Frameworks @loader_path/Frameworks";
				PRODUCT_BUNDLE_IDENTIFIER = PurdueIdeaFamily.tipsUITests;
				PRODUCT_NAME = "$(TARGET_NAME)";
				TEST_TARGET_NAME = tips;
				USES_XCTRUNNER = YES;
			};
			name = Debug;
		};
		F7DCE9D81C14EC05000CA2DB /* Release */ = {
			isa = XCBuildConfiguration;
			buildSettings = {
				INFOPLIST_FILE = tipsUITests/Info.plist;
				LD_RUNPATH_SEARCH_PATHS = "$(inherited) @executable_path/Frameworks @loader_path/Frameworks";
				PRODUCT_BUNDLE_IDENTIFIER = PurdueIdeaFamily.tipsUITests;
				PRODUCT_NAME = "$(TARGET_NAME)";
				TEST_TARGET_NAME = tips;
				USES_XCTRUNNER = YES;
			};
			name = Release;
		};
/* End XCBuildConfiguration section */

/* Begin XCConfigurationList section */
		F7DCE9A31C14EC05000CA2DB /* Build configuration list for PBXProject "tips" */ = {
			isa = XCConfigurationList;
			buildConfigurations = (
				F7DCE9CE1C14EC05000CA2DB /* Debug */,
				F7DCE9CF1C14EC05000CA2DB /* Release */,
			);
			defaultConfigurationIsVisible = 0;
			defaultConfigurationName = Release;
		};
		F7DCE9D01C14EC05000CA2DB /* Build configuration list for PBXNativeTarget "tips" */ = {
			isa = XCConfigurationList;
			buildConfigurations = (
				F7DCE9D11C14EC05000CA2DB /* Debug */,
				F7DCE9D21C14EC05000CA2DB /* Release */,
			);
			defaultConfigurationIsVisible = 0;
		};
		F7DCE9D31C14EC05000CA2DB /* Build configuration list for PBXNativeTarget "tipsTests" */ = {
			isa = XCConfigurationList;
			buildConfigurations = (
				F7DCE9D41C14EC05000CA2DB /* Debug */,
				F7DCE9D51C14EC05000CA2DB /* Release */,
			);
			defaultConfigurationIsVisible = 0;
		};
		F7DCE9D61C14EC05000CA2DB /* Build configuration list for PBXNativeTarget "tipsUITests" */ = {
			isa = XCConfigurationList;
			buildConfigurations = (
				F7DCE9D71C14EC05000CA2DB /* Debug */,
				F7DCE9D81C14EC05000CA2DB /* Release */,
			);
			defaultConfigurationIsVisible = 0;
		};
/* End XCConfigurationList section */
	};
	rootObject = F7DCE9A01C14EC05000CA2DB /* Project object */;
}
